# This file is automatically @generated by Cargo.
# It is not intended for manual editing.
[[package]]
name = "doc-comment"
version = "0.3.4"
source = "registry+https://github.com/rust-lang/crates.io-index"

[[package]]
name = "rustc_version"
version = "0.4.1"
dependencies = [
 "doc-comment 0.3.4 (registry+https://github.com/rust-lang/crates.io-index)",
 "semver 1.0.28 (registry+https://github.com/rust-lang/crates.io-index)",
]

[[package]]
name = "semver"
version = "1.0.28"
source = "registry+https://github.com/rust-lang/crates.io-index"

[metadata]
"checksum doc-comment 0.3.4 (registry+https://github.com/rust-lang/crates.io-index)" = "780955b8b195a21ab8e4ac6b60dd1dbdcec1dc6c51c0617964b08c81785e12c9"
"checksum semver 1.0.28 (registry+https://github.com/rust-lang/crates.io-index)" = "8a7852d02fc848982e0c167ef163aaff9cd91dc640ba85e263cb1ce46fae51cd"
